
Microsoft Visual Studio Solution File, Format Version 12.00
# Visual Studio Version 17
VisualStudioVersion = 17.5.002.0
MinimumVisualStudioVersion = 10.0.40219.1
Project("{9A19103F-16F7-4668-BE54-9A1E7A4F7556}") = "gameStore", "gameStore\gameStore.csproj", "{9F105C4A-3C82-48F3-93C4-6E53C6DC627D}"
EndProject
Global
	GlobalSection(SolutionConfigurationPlatforms) = preSolution
		Debug|Any CPU = Debug|Any CPU
		Release|Any CPU = Release|Any CPU
	EndGlobalSection
	GlobalSection(ProjectConfigurationPlatforms) = postSolution
		{9F105C4A-3C82-48F3-93C4-6E53C6DC627D}.Debug|Any CPU.ActiveCfg = Debug|Any CPU
		{9F105C4A-3C82-48F3-93C4-6E53C6DC627D}.Debug|Any CPU.Build.0 = Debug|Any CPU
		{9F105C4A-3C82-48F3-93C4-6E53C6DC627D}.Release|Any CPU.ActiveCfg = Release|Any CPU
		{9F105C4A-3C82-48F3-93C4-6E53C6DC627D}.Release|Any CPU.Build.0 = Release|Any CPU
	EndGlobalSection
	GlobalSection(SolutionProperties) = preSolution
		HideSolutionNode = FALSE
	EndGlobalSection
	GlobalSection(ExtensibilityGlobals) = postSolution
		SolutionGuid = {0C88AD27-B0E9-48D1-8CAD-78BC83C8B828}
	EndGlobalSection
EndGlobal
